
Microsoft Visual Studio Solution File, Format Version 12.00
# Visual Studio Version 16
VisualStudioVersion = 16.0.30804.86
MinimumVisualStudioVersion = 10.0.40219.1
Project("{2150E333-8FDC-42A3-9474-1A3956D46DE8}") = "src", "src", "{E532509A-B338-4C53-BCB2-056A007CB51D}"
EndProject
Project("{2150E333-8FDC-42A3-9474-1A3956D46DE8}") = "test", "test", "{0F45367D-B1C5-4385-BF9A-9A8551837F7E}"
EndProject
Project("{6EC3EE1D-3C4E-46DD-8F32-0CC8E7565705}") = "Seagull.Visualisation.Core.Application", "src\Application\Seagull.Visualisation.Core.Application.fsproj", "{11582DA6-1AB1-436D-BD03-E9DD46E2B84C}"
EndProject
Project("{6EC3EE1D-3C4E-46DD-8F32-0CC8E7565705}") = "Seagull.Visualisation.Core.Domain", "src\Domain\Seagull.Visualisation.Core.Domain.fsproj", "{27B309E5-A9B2-487E-962E-21AA3571F6CE}"
EndProject
Project("{6EC3EE1D-3C4E-46DD-8F32-0CC8E7565705}") = "Seagull.Visualisation.Core.Persistence", "src\Persistence\Seagull.Visualisation.Core.Persistence.fsproj", "{645D84A5-E36D-4582-B339-7F44DDC41BE3}"
EndProject
Project("{6EC3EE1D-3C4E-46DD-8F32-0CC8E7565705}") = "Seagull.Visualisation.Core.Common", "src\Common\Seagull.Visualisation.Core.Common.fsproj", "{BEC53EB1-2EC3-48CA-8A45-61A972F18C59}"
EndProject
Project("{6EC3EE1D-3C4E-46DD-8F32-0CC8E7565705}") = "Seagull.Visualisation.Core.Persistence.Tests", "test\Persistence.Tests\Seagull.Visualisation.Core.Persistence.Tests.fsproj", "{B78A4FCC-3402-4390-BA87-16C3B37372A0}"
EndProject
Project("{2150E333-8FDC-42A3-9474-1A3956D46DE8}") = "Infrastructure", "Infrastructure", "{DB501A2E-24F3-4F1C-A640-F7156278CBF3}"
EndProject
Project("{2150E333-8FDC-42A3-9474-1A3956D46DE8}") = "Common", "Common", "{E4C45D44-13EE-448B-8813-8CD05147ADB9}"
EndProject
Project("{2150E333-8FDC-42A3-9474-1A3956D46DE8}") = "Persistence", "Persistence", "{5F18E0A3-0CB0-4B8C-878D-CEEA0E5F5CCB}"
EndProject
Project("{2150E333-8FDC-42A3-9474-1A3956D46DE8}") = "Domain", "Domain", "{E94A7F5E-B6F1-40B5-A141-8823C4A8D16A}"
EndProject
Project("{2150E333-8FDC-42A3-9474-1A3956D46DE8}") = "Application", "Application", "{3ECD7D4D-405F-4DAE-A8DC-7622C3562B83}"
EndProject
Project("{6EC3EE1D-3C4E-46DD-8F32-0CC8E7565705}") = "Seagull.Visualisation.Core.Application.World", "src\Application.World\Seagull.Visualisation.Core.Application.World.fsproj", "{DB671C5E-DF1A-45A6-989C-5AA0FA071416}"
EndProject
Project("{6EC3EE1D-3C4E-46DD-8F32-0CC8E7565705}") = "Seagull.Visualisation.Core.Domain.World", "src\Domain.World\Seagull.Visualisation.Core.Domain.World.fsproj", "{D17747F9-7B83-454F-B7E5-DAA7DFC7CF4B}"
EndProject
Project("{6EC3EE1D-3C4E-46DD-8F32-0CC8E7565705}") = "Seagull.Visualisation.Core.Infrastructure.World", "src\Infrastructure.World\Seagull.Visualisation.Core.Infrastructure.World.fsproj", "{5022C459-39BE-41D4-BA68-CD8501BA71A6}"
EndProject
Project("{6EC3EE1D-3C4E-46DD-8F32-0CC8E7565705}") = "Seagull.Visualisation.Core.Persistence.World", "src\Persistence.World\Seagull.Visualisation.Core.Persistence.World.fsproj", "{B636BCB9-E943-4ABB-8F11-3A4D7614FE2E}"
EndProject
Global
	GlobalSection(SolutionConfigurationPlatforms) = preSolution
		Debug|Any CPU = Debug|Any CPU
		Release|Any CPU = Release|Any CPU
	EndGlobalSection
	GlobalSection(ProjectConfigurationPlatforms) = postSolution
		{11582DA6-1AB1-436D-BD03-E9DD46E2B84C}.Debug|Any CPU.ActiveCfg = Debug|Any CPU
		{11582DA6-1AB1-436D-BD03-E9DD46E2B84C}.Debug|Any CPU.Build.0 = Debug|Any CPU
		{11582DA6-1AB1-436D-BD03-E9DD46E2B84C}.Release|Any CPU.ActiveCfg = Release|Any CPU
		{11582DA6-1AB1-436D-BD03-E9DD46E2B84C}.Release|Any CPU.Build.0 = Release|Any CPU
		{27B309E5-A9B2-487E-962E-21AA3571F6CE}.Debug|Any CPU.ActiveCfg = Debug|Any CPU
		{27B309E5-A9B2-487E-962E-21AA3571F6CE}.Debug|Any CPU.Build.0 = Debug|Any CPU
		{27B309E5-A9B2-487E-962E-21AA3571F6CE}.Release|Any CPU.ActiveCfg = Release|Any CPU
		{27B309E5-A9B2-487E-962E-21AA3571F6CE}.Release|Any CPU.Build.0 = Release|Any CPU
		{645D84A5-E36D-4582-B339-7F44DDC41BE3}.Debug|Any CPU.ActiveCfg = Debug|Any CPU
		{645D84A5-E36D-4582-B339-7F44DDC41BE3}.Debug|Any CPU.Build.0 = Debug|Any CPU
		{645D84A5-E36D-4582-B339-7F44DDC41BE3}.Release|Any CPU.ActiveCfg = Release|Any CPU
		{645D84A5-E36D-4582-B339-7F44DDC41BE3}.Release|Any CPU.Build.0 = Release|Any CPU
		{BEC53EB1-2EC3-48CA-8A45-61A972F18C59}.Debug|Any CPU.ActiveCfg = Debug|Any CPU
		{BEC53EB1-2EC3-48CA-8A45-61A972F18C59}.Debug|Any CPU.Build.0 = Debug|Any CPU
		{BEC53EB1-2EC3-48CA-8A45-61A972F18C59}.Release|Any CPU.ActiveCfg = Release|Any CPU
		{BEC53EB1-2EC3-48CA-8A45-61A972F18C59}.Release|Any CPU.Build.0 = Release|Any CPU
		{B78A4FCC-3402-4390-BA87-16C3B37372A0}.Debug|Any CPU.ActiveCfg = Debug|Any CPU
		{B78A4FCC-3402-4390-BA87-16C3B37372A0}.Debug|Any CPU.Build.0 = Debug|Any CPU
		{B78A4FCC-3402-4390-BA87-16C3B37372A0}.Release|Any CPU.ActiveCfg = Release|Any CPU
		{B78A4FCC-3402-4390-BA87-16C3B37372A0}.Release|Any CPU.Build.0 = Release|Any CPU
		{DB671C5E-DF1A-45A6-989C-5AA0FA071416}.Debug|Any CPU.ActiveCfg = Debug|Any CPU
		{DB671C5E-DF1A-45A6-989C-5AA0FA071416}.Debug|Any CPU.Build.0 = Debug|Any CPU
		{DB671C5E-DF1A-45A6-989C-5AA0FA071416}.Release|Any CPU.ActiveCfg = Release|Any CPU
		{DB671C5E-DF1A-45A6-989C-5AA0FA071416}.Release|Any CPU.Build.0 = Release|Any CPU
		{D17747F9-7B83-454F-B7E5-DAA7DFC7CF4B}.Debug|Any CPU.ActiveCfg = Debug|Any CPU
		{D17747F9-7B83-454F-B7E5-DAA7DFC7CF4B}.Debug|Any CPU.Build.0 = Debug|Any CPU
		{D17747F9-7B83-454F-B7E5-DAA7DFC7CF4B}.Release|Any CPU.ActiveCfg = Release|Any CPU
		{D17747F9-7B83-454F-B7E5-DAA7DFC7CF4B}.Release|Any CPU.Build.0 = Release|Any CPU
		{5022C459-39BE-41D4-BA68-CD8501BA71A6}.Debug|Any CPU.ActiveCfg = Debug|Any CPU
		{5022C459-39BE-41D4-BA68-CD8501BA71A6}.Debug|Any CPU.Build.0 = Debug|Any CPU
		{5022C459-39BE-41D4-BA68-CD8501BA71A6}.Release|Any CPU.ActiveCfg = Release|Any CPU
		{5022C459-39BE-41D4-BA68-CD8501BA71A6}.Release|Any CPU.Build.0 = Release|Any CPU
		{B636BCB9-E943-4ABB-8F11-3A4D7614FE2E}.Debug|Any CPU.ActiveCfg = Debug|Any CPU
		{B636BCB9-E943-4ABB-8F11-3A4D7614FE2E}.Debug|Any CPU.Build.0 = Debug|Any CPU
		{B636BCB9-E943-4ABB-8F11-3A4D7614FE2E}.Release|Any CPU.ActiveCfg = Release|Any CPU
		{B636BCB9-E943-4ABB-8F11-3A4D7614FE2E}.Release|Any CPU.Build.0 = Release|Any CPU
	EndGlobalSection
	GlobalSection(SolutionProperties) = preSolution
		HideSolutionNode = FALSE
	EndGlobalSection
	GlobalSection(NestedProjects) = preSolution
		{11582DA6-1AB1-436D-BD03-E9DD46E2B84C} = {3ECD7D4D-405F-4DAE-A8DC-7622C3562B83}
		{27B309E5-A9B2-487E-962E-21AA3571F6CE} = {E94A7F5E-B6F1-40B5-A141-8823C4A8D16A}
		{645D84A5-E36D-4582-B339-7F44DDC41BE3} = {5F18E0A3-0CB0-4B8C-878D-CEEA0E5F5CCB}
		{BEC53EB1-2EC3-48CA-8A45-61A972F18C59} = {E4C45D44-13EE-448B-8813-8CD05147ADB9}
		{B78A4FCC-3402-4390-BA87-16C3B37372A0} = {0F45367D-B1C5-4385-BF9A-9A8551837F7E}
		{DB501A2E-24F3-4F1C-A640-F7156278CBF3} = {E532509A-B338-4C53-BCB2-056A007CB51D}
		{E4C45D44-13EE-448B-8813-8CD05147ADB9} = {E532509A-B338-4C53-BCB2-056A007CB51D}
		{5F18E0A3-0CB0-4B8C-878D-CEEA0E5F5CCB} = {E532509A-B338-4C53-BCB2-056A007CB51D}
		{E94A7F5E-B6F1-40B5-A141-8823C4A8D16A} = {E532509A-B338-4C53-BCB2-056A007CB51D}
		{3ECD7D4D-405F-4DAE-A8DC-7622C3562B83} = {E532509A-B338-4C53-BCB2-056A007CB51D}
		{DB671C5E-DF1A-45A6-989C-5AA0FA071416} = {3ECD7D4D-405F-4DAE-A8DC-7622C3562B83}
		{D17747F9-7B83-454F-B7E5-DAA7DFC7CF4B} = {E94A7F5E-B6F1-40B5-A141-8823C4A8D16A}
		{5022C459-39BE-41D4-BA68-CD8501BA71A6} = {DB501A2E-24F3-4F1C-A640-F7156278CBF3}
		{B636BCB9-E943-4ABB-8F11-3A4D7614FE2E} = {5F18E0A3-0CB0-4B8C-878D-CEEA0E5F5CCB}
	EndGlobalSection
	GlobalSection(ExtensibilityGlobals) = postSolution
		SolutionGuid = {9E3DBDBE-6520-4898-8329-84897FE3EE30}
	EndGlobalSection
EndGlobal
